github.com/ClaudioRoncaglio/dog v0.0.0-20250520101245-0b0fa9f21fdd h1:84orxU64OksE3GgTfGHrlHe6vQkHTjX2JYRRoz0RpfM=
github.com/ClaudioRoncaglio/dog v0.0.0-20250520101245-0b0fa9f21fdd/go.mod h1:iPX4yfkEJVwjFkKuRD+U6olUp+JGejQFR/4ezNFeyA0=
github.com/ClaudioRoncaglio/puppy v0.0.0-20250520102647-e539d4e1c3ff h1:6UfNMSnDFIraeDb9qiGBDpKspM9UzWXtSbIxiTijox0=
github.com/ClaudioRoncaglio/puppy v0.0.0-20250520102647-e539d4e1c3ff/go.mod h1:lVnmtYwkZ9FDl0c+uwYl5j3xPb146N1gMLwUnVqHj5g=
github.com/ClaudioRoncaglio/puppy v1.2.0 h1:84FnkhlGZUFOxdmBDrqEhC3sJwyDMWV+3lGGKc0EOv4=
github.com/ClaudioRoncaglio/puppy v1.2.0/go.mod h1:lVnmtYwkZ9FDl0c+uwYl5j3xPb146N1gMLwUnVqHj5g=
